// !$*UTF8*$!
{ archiveVersion = 1; classes = { }; objectVersion = 46; objects = {

	101001 = { isa = PBXFileReference; fileEncoding = 4; lastKnownFileType = sourcecode.cpp.h; path = "include.h"; sourceTree = "<group>"; };

	202001 = { isa = PBXBuildFile; fileRef = 201001; }; 201001 = { isa = PBXFileReference; fileEncoding = 4; lastKnownFileType = sourcecode.cpp.cpp; path = "main.cpp"; sourceTree = "<group>"; };
	202002 = { isa = PBXBuildFile; fileRef = 201002; }; 201002 = { isa = PBXFileReference; fileEncoding = 4; lastKnownFileType = sourcecode.cpp.cpp; path = "SceneGame.cpp"; sourceTree = "<group>"; };

	302001 = { isa = PBXBuildFile; fileRef = 301001; }; 301001 = { isa = PBXFileReference; lastKnownFileType = folder; path = "Data"; sourceTree = "<group>"; };

	402001 = { isa = PBXBuildFile; fileRef = 401001; }; 401001 = { isa = PBXFileReference; lastKnownFileType = folder.assetcatalog; name = "Images.xcassets"; path = "ZillaBunnyMark-OSX.xcodeproj/Images.xcassets"; sourceTree = "<group>"; };

	502001 = { isa = PBXBuildFile; fileRef = 501001; }; 501001 = { isa = PBXFileReference; lastKnownFileType = wrapper.framework; name = Cocoa.framework; path = System/Library/Frameworks/Cocoa.framework; sourceTree = SDKROOT; };
	502002 = { isa = PBXBuildFile; fileRef = 501002; }; 501002 = { isa = PBXFileReference; lastKnownFileType = wrapper.framework; name = OpenGL.framework; path = System/Library/Frameworks/OpenGL.framework; sourceTree = SDKROOT; };
	502003 = { isa = PBXBuildFile; fileRef = 501003; }; 501003 = { isa = PBXFileReference; lastKnownFileType = wrapper.framework; name = Carbon.framework; path = System/Library/Frameworks/Carbon.framework; sourceTree = SDKROOT; };
	502004 = { isa = PBXBuildFile; fileRef = 501004; }; 501004 = { isa = PBXFileReference; lastKnownFileType = wrapper.framework; name = AudioUnit.framework; path = System/Library/Frameworks/AudioUnit.framework; sourceTree = SDKROOT; };
	502005 = { isa = PBXBuildFile; fileRef = 501005; }; 501005 = { isa = PBXFileReference; lastKnownFileType = wrapper.framework; name = IOKit.framework; path = System/Library/Frameworks/IOKit.framework; sourceTree = SDKROOT; };
	502006 = { isa = PBXBuildFile; fileRef = 501006; }; 501006 = { isa = PBXFileReference; lastKnownFileType = wrapper.framework; name = ForceFeedback.framework; path = System/Library/Frameworks/ForceFeedback.framework; sourceTree = SDKROOT; };
	502007 = { isa = PBXBuildFile; fileRef = 501007; }; 501007 = { isa = PBXFileReference; lastKnownFileType = wrapper.framework; name = CoreAudio.framework; path = System/Library/Frameworks/CoreAudio.framework; sourceTree = SDKROOT; };

	600001 = { isa = PBXFileReference; lastKnownFileType = "wrapper.pb-project"; name = "ZillaLib-OSX.xcodeproj"; path = "../ZillaLib/ZillaLib-OSX.xcodeproj"; sourceTree = SOURCE_ROOT; };
	600002 = { isa = PBXReferenceProxy; fileType = archive.ar; path = "libZillaLib.a"; remoteRef = 600004; sourceTree = BUILT_PRODUCTS_DIR; };
	600003 = { isa = PBXBuildFile; fileRef = 600002; };
	600004 = { isa = PBXContainerItemProxy; containerPortal = 600001; proxyType = 2; remoteGlobalIDString = 2177A2177A2177A2177A0045; remoteInfo = "ZillaLib"; };
	600005 = { isa = PBXContainerItemProxy; containerPortal = 600001; proxyType = 1; remoteGlobalIDString = 2177A2177A2177A2177A0044; remoteInfo = "ZillaLib"; };
	600006 = { isa = PBXTargetDependency; name = "ZillaLib"; targetProxy = 600005; };

	700000 = { isa = PBXFileReference; fileEncoding = 4; lastKnownFileType = text.plist.xml; name = Info.plist; path = "ZillaBunnyMark-OSX.xcodeproj/Info.plist"; sourceTree = "<group>"; };
	800000 = { isa = PBXFileReference; explicitFileType = wrapper.application; includeInIndex = 0; path = ZillaBunnyMark.app; sourceTree = BUILT_PRODUCTS_DIR; };

	A00001 = { isa = PBXGroup; name = Products; children = (800000); sourceTree = "<group>"; };
	A00002 = { isa = PBXGroup; name = Sources; children = (101001,201001,201002); sourceTree = "<group>"; };
	A00003 = { isa = PBXGroup; name = Resources; children = (301001,401001); sourceTree = "<group>"; };
	A00004 = { isa = PBXGroup; name = Frameworks; children = (501001,501002,501003,501004,501005,501006,501007); sourceTree = "<group>"; };
	A00005 = { isa = PBXGroup; name = CustomTemplate; children = (600001,A00001,A00002,A00003,A00004); sourceTree = "<group>"; };
	A00006 = { isa = PBXGroup; name = Products; children = (600002); sourceTree = "<group>"; };

	C00001 = { isa = PBXResourcesBuildPhase; buildActionMask = 2147483647; files = (302001,402001); runOnlyForDeploymentPostprocessing = 0; };
	C00002 = { isa = PBXSourcesBuildPhase; buildActionMask = 2147483647; files = (202001,202002); runOnlyForDeploymentPostprocessing = 0; };
	C00003 = { isa = PBXFrameworksBuildPhase; buildActionMask = 2147483647; files = (502001,502002,502003,502004,502005,502006,502007,600003); runOnlyForDeploymentPostprocessing = 0; };
	C00004 = { isa = PBXShellScriptBuildPhase; buildActionMask = 2147483647; files = (); inputPaths = (); outputPaths = (); runOnlyForDeploymentPostprocessing = 0; showEnvVarsInLog = 0;
		shellPath = /bin/sh;
		shellScript = "
			if [ \"$CONFIGURATION\" != \"Release\" ]; then exit; fi #only perform in Release builds
			$TOOLCHAIN_DIR/usr/bin/strip $TARGET_BUILD_DIR/$EXECUTABLE_PATH #manual strip because regular strip can't run after appending zip
			cd $TARGET_BUILD_DIR/$UNLOCALIZED_RESOURCES_FOLDER_PATH
			zip -0 -m -r - * -x AppIcon.icns -x Assets.car | cat >> $TARGET_BUILD_DIR/$EXECUTABLE_PATH
		"; };

	D01001 = { isa = XCBuildConfiguration; buildSettings = { CLANG_ENABLE_OBJC_WEAK = YES; PRODUCT_BUNDLE_IDENTIFIER = "${PRODUCT_BUNDLE_IDENTIFIER}"; }; name = Debug; };
	D01002 = { isa = XCBuildConfiguration; buildSettings = { CLANG_ENABLE_OBJC_WEAK = YES; PRODUCT_BUNDLE_IDENTIFIER = "${PRODUCT_BUNDLE_IDENTIFIER}"; }; name = Release; };

	D02001 = { isa = XCBuildConfiguration; buildSettings = {
			PRODUCT_NAME = ZillaBunnyMark;
			PRODUCT_BUNDLE_IDENTIFIER = org.zillalib.zillabunnymark;
			INFOPLIST_FILE = "ZillaBunnyMark-OSX.xcodeproj/Info.plist";
			ASSETCATALOG_COMPILER_APPICON_NAME = AppIcon;
			HEADER_SEARCH_PATHS = ../ZillaLib/Include;
			OTHER_CFLAGS = ( "-DDEBUG", "-D_DEBUG", "-DZILLALOG" );
			CLANG_CXX_LANGUAGE_STANDARD = "c++0x";
			CLANG_CXX_LIBRARY = "libc++";
			GCC_PREPROCESSOR_DEFINITIONS = $CmdLinePreprocessorDefinitions;
			GCC_ENABLE_CPP_EXCEPTIONS = NO;
			GCC_ENABLE_CPP_RTTI = NO;
			GCC_OPTIMIZATION_LEVEL = 0;
			COPY_PHASE_STRIP = NO;
			ONLY_ACTIVE_ARCH = YES;
			STRIP_INSTALLED_PRODUCT = NO;
			MACOSX_DEPLOYMENT_TARGET = 10.7;
			SDKROOT = macosx;
			OBJROOT = "ZillaBunnyMark-OSX.xcodeproj/Debug";
			SYMROOT = "ZillaBunnyMark-OSX.xcodeproj/Debug";
			BUILD_DIR = "ZillaBunnyMark-OSX.xcodeproj/Debug";
			CONFIGURATION_BUILD_DIR = "ZillaBunnyMark-OSX.xcodeproj/Debug";
			CONFIGURATION_TEMP_DIR = "ZillaBunnyMark-OSX.xcodeproj/Debug";
			SHARED_PRECOMPS_DIR = "ZillaBunnyMark-OSX.xcodeproj/Debug";
			ALWAYS_SEARCH_USER_PATHS = NO;
			ENABLE_TESTABILITY = YES;
		}; name = Debug; };

	D02002 = { isa = XCBuildConfiguration; buildSettings = {
			PRODUCT_NAME = ZillaBunnyMark;
			PRODUCT_BUNDLE_IDENTIFIER = org.zillalib.zillabunnymark;
			INFOPLIST_FILE = "ZillaBunnyMark-OSX.xcodeproj/Info.plist";
			ASSETCATALOG_COMPILER_APPICON_NAME = AppIcon;
			HEADER_SEARCH_PATHS = ../ZillaLib/Include;
			OTHER_CFLAGS = ( "-DNDEBUG", "-fvisibility=hidden", "-ffunction-sections", "-fdata-sections" );
			CLANG_CXX_LANGUAGE_STANDARD = "c++0x";
			CLANG_CXX_LIBRARY = "libc++";
			GCC_PREPROCESSOR_DEFINITIONS = $CmdLinePreprocessorDefinitions;
			GCC_ENABLE_CPP_EXCEPTIONS = NO;
			GCC_ENABLE_CPP_RTTI = NO;
			DEAD_CODE_STRIPPING = YES;
			DEPLOYMENT_POSTPROCESSING = YES;
			STRIP_INSTALLED_PRODUCT = NO;
			MACOSX_DEPLOYMENT_TARGET = 10.7;
			SDKROOT = macosx;
			OBJROOT = "ZillaBunnyMark-OSX.xcodeproj/Release";
			SYMROOT = "ZillaBunnyMark-OSX.xcodeproj/Release";
			BUILD_DIR = "ZillaBunnyMark-OSX.xcodeproj/Release";
			CONFIGURATION_BUILD_DIR = "ZillaBunnyMark-OSX.xcodeproj/Release";
			CONFIGURATION_TEMP_DIR = "ZillaBunnyMark-OSX.xcodeproj/Release";
			SHARED_PRECOMPS_DIR = "ZillaBunnyMark-OSX.xcodeproj/Release";
			ALWAYS_SEARCH_USER_PATHS = NO;
		}; name = Release; };

	E01000 = { isa = XCConfigurationList; buildConfigurations = (D01001,D01002); defaultConfigurationIsVisible = 0; defaultConfigurationName = Release; };
	E02000 = { isa = XCConfigurationList; buildConfigurations = (D02001,D02002); defaultConfigurationIsVisible = 0; defaultConfigurationName = Release; };

	F01000 = {
		isa = PBXNativeTarget;
		buildConfigurationList = E01000;
		buildPhases = (C00001,C00002,C00003,C00004);
		buildRules = ();
		dependencies = (600006);
		name = ZillaBunnyMark;
		productName = "___PROJECTNAME___";
		productReference = 800000;
		productType = "com.apple.product-type.application";
	};

	F02000 = {
		isa = PBXProject;
		attributes = { LastUpgradeCheck = 1010; };
		buildConfigurationList = E02000;
		compatibilityVersion = "Xcode 3.2";
		developmentRegion = English;
		hasScannedForEncodings = 1;
		knownRegions = (en);
		mainGroup = A00005;
		projectReferences = ( { ProductGroup = A00006; ProjectRef = 600001; }, );
		projectDirPath = "";
		projectRoot = ..;
		targets = (F01000);
	};

}; rootObject = F02000; }
